
Microsoft Visual Studio Solution File, Format Version 12.00
# Visual Studio Version 17
VisualStudioVersion = 17.11.35208.52
MinimumVisualStudioVersion = 10.0.40219.1
Project("{FAE04EC0-301F-11D3-BF4B-00C04F79EFBC}") = "JobLink_Backend", "JobLink_Backend\JobLink_Backend.csproj", "{42F4ABE4-3E4A-4EE6-AF44-44A0C39A2031}"
EndProject
Project("{2150E333-8FDC-42A3-9474-1A3956D46DE8}") = "Solution Items", "Solution Items", "{560F44AC-40F4-4B21-BF4E-FF0C2B804CD6}"
EndProject
Global
	GlobalSection(SolutionConfigurationPlatforms) = preSolution
		Debug|Any CPU = Debug|Any CPU
		Release|Any CPU = Release|Any CPU
	EndGlobalSection
	GlobalSection(ProjectConfigurationPlatforms) = postSolution
		{42F4ABE4-3E4A-4EE6-AF44-44A0C39A2031}.Debug|Any CPU.ActiveCfg = Debug|Any CPU
		{42F4ABE4-3E4A-4EE6-AF44-44A0C39A2031}.Debug|Any CPU.Build.0 = Debug|Any CPU
		{42F4ABE4-3E4A-4EE6-AF44-44A0C39A2031}.Release|Any CPU.ActiveCfg = Release|Any CPU
		{42F4ABE4-3E4A-4EE6-AF44-44A0C39A2031}.Release|Any CPU.Build.0 = Release|Any CPU
	EndGlobalSection
	GlobalSection(SolutionProperties) = preSolution
		HideSolutionNode = FALSE
	EndGlobalSection
	GlobalSection(ExtensibilityGlobals) = postSolution
		SolutionGuid = {013E86CB-D1D5-4A7B-8741-DDF9F974E01F}
	EndGlobalSection
EndGlobal
